
Microsoft Visual Studio Solution File, Format Version 12.00
# Visual Studio 15
Project("{FAE04EC0-301F-11D3-BF4B-00C04F79EFBC}") = "c-sharp-practice-arrays", "c-sharp-practice-arrays\c-sharp-practice-arrays.csproj", "{5439D03F-6C58-4AFD-98D4-44CBC6A0A79F}"
EndProject
Global
	GlobalSection(SolutionConfigurationPlatforms) = preSolution
		Debug|anycpu = Debug|anycpu
		Release|anycpu = Release|anycpu
	EndGlobalSection
	GlobalSection(ProjectConfigurationPlatforms) = postSolution
		{5439D03F-6C58-4AFD-98D4-44CBC6A0A79F}.Debug|anycpu.ActiveCfg = Debug|anycpu
		{5439D03F-6C58-4AFD-98D4-44CBC6A0A79F}.Debug|anycpu.Build.0 = Debug|anycpu
		{5439D03F-6C58-4AFD-98D4-44CBC6A0A79F}.Release|anycpu.ActiveCfg = Release|anycpu
		{5439D03F-6C58-4AFD-98D4-44CBC6A0A79F}.Release|anycpu.Build.0 = Release|anycpu
	EndGlobalSection
EndGlobal
